
Microsoft Visual Studio Solution File, Format Version 12.00
# Visual Studio Version 17
VisualStudioVersion = 17.9.34714.143
MinimumVisualStudioVersion = 10.0.40219.1
Project("{FAE04EC0-301F-11D3-BF4B-00C04F79EFBC}") = "Ogrenci_Kayit_Sistemi", "Ogrenci_Kayit_Sistemi\Ogrenci_Kayit_Sistemi.csproj", "{77FFEF28-5BE5-4D41-840F-7CD9D4863E14}"
EndProject
Global
	GlobalSection(SolutionConfigurationPlatforms) = preSolution
		Debug|Any CPU = Debug|Any CPU
		Release|Any CPU = Release|Any CPU
	EndGlobalSection
	GlobalSection(ProjectConfigurationPlatforms) = postSolution
		{77FFEF28-5BE5-4D41-840F-7CD9D4863E14}.Debug|Any CPU.ActiveCfg = Debug|Any CPU
		{77FFEF28-5BE5-4D41-840F-7CD9D4863E14}.Debug|Any CPU.Build.0 = Debug|Any CPU
		{77FFEF28-5BE5-4D41-840F-7CD9D4863E14}.Release|Any CPU.ActiveCfg = Release|Any CPU
		{77FFEF28-5BE5-4D41-840F-7CD9D4863E14}.Release|Any CPU.Build.0 = Release|Any CPU
	EndGlobalSection
	GlobalSection(SolutionProperties) = preSolution
		HideSolutionNode = FALSE
	EndGlobalSection
	GlobalSection(ExtensibilityGlobals) = postSolution
		SolutionGuid = {796CC669-9EF4-4860-B0F1-E35FEB46ABED}
	EndGlobalSection
EndGlobal
